dependencies:
- name: opentelemetry-ebpf-instrumentation
  repository: https://open-telemetry.github.io/opentelemetry-helm-charts
  version: 0.6.0
- name: opentelemetry-collector
  repository: https://open-telemetry.github.io/opentelemetry-helm-charts
  version: 0.147.1
- name: jaeger
  repository: https://jaegertracing.github.io/helm-charts
  version: 4.6.0
digest: sha256:74f76f873275312d4ae2002a2370767ee4ce2dd8cc4a218928909c7d15d579dd
generated: "2026-03-25T14:22:49.735189+01:00"
